
Microsoft Visual Studio Solution File, Format Version 12.00
# Visual Studio Version 16
VisualStudioVersion = 16.0.29201.188
MinimumVisualStudioVersion = 10.0.40219.1
Project("{FAE04EC0-301F-11D3-BF4B-00C04F79EFBC}") = "CDArchiver", "CDArchiver\CDArchiver.csproj", "{A1FB58BE-CE09-4CBB-A78F-D75AEB121F6D}"
EndProject
Global
	GlobalSection(SolutionConfigurationPlatforms) = preSolution
		Debug|Any CPU = Debug|Any CPU
		Release|Any CPU = Release|Any CPU
	EndGlobalSection
	GlobalSection(ProjectConfigurationPlatforms) = postSolution
		{A1FB58BE-CE09-4CBB-A78F-D75AEB121F6D}.Debug|Any CPU.ActiveCfg = Debug|Any CPU
		{A1FB58BE-CE09-4CBB-A78F-D75AEB121F6D}.Debug|Any CPU.Build.0 = Debug|Any CPU
		{A1FB58BE-CE09-4CBB-A78F-D75AEB121F6D}.Release|Any CPU.ActiveCfg = Release|Any CPU
		{A1FB58BE-CE09-4CBB-A78F-D75AEB121F6D}.Release|Any CPU.Build.0 = Release|Any CPU
	EndGlobalSection
	GlobalSection(SolutionProperties) = preSolution
		HideSolutionNode = FALSE
	EndGlobalSection
	GlobalSection(ExtensibilityGlobals) = postSolution
		SolutionGuid = {C2AFC5EB-BF11-48D2-B418-8A3AA37ACDBD}
	EndGlobalSection
EndGlobal
